// !$*UTF8*$!
{
	archiveVersion = 1;
	classes = {
	};
	objectVersion = 77;
	objects = {

/* Begin PBXContainerItemProxy section */
		AAAFF4DD2D542DFE00112895 /* PBXContainerItemProxy */ = {
			isa = PBXContainerItemProxy;
			containerPortal = AAAFF4C32D542DFD00112895 /* Project object */;
			proxyType = 1;
			remoteGlobalIDString = AAAFF4CA2D542DFD00112895;
			remoteInfo = MyEnhancer;
		};
		AAAFF4E72D542DFE00112895 /* PBXContainerItemProxy */ = {
			isa = PBXContainerItemProxy;
			containerPortal = AAAFF4C32D542DFD00112895 /* Project object */;
			proxyType = 1;
			remoteGlobalIDString = AAAFF4CA2D542DFD00112895;
			remoteInfo = MyEnhancer;
		};
/* End PBXContainerItemProxy section */

/* Begin PBXFileReference section */
		AAAFF4CB2D542DFD00112895 /* MyEnhancer.app */ = {isa = PBXFileReference; explicitFileType = wrapper.application; includeInIndex = 0; path = MyEnhancer.app; sourceTree = BUILT_PRODUCTS_DIR; };
		AAAFF4DC2D542DFE00112895 /* MyEnhancerTests.xctest */ = {isa = PBXFileReference; explicitFileType = wrapper.cfbundle; includeInIndex = 0; path = MyEnhancerTests.xctest; sourceTree = BUILT_PRODUCTS_DIR; };
		AAAFF4E62D542DFE00112895 /* MyEnhancerUITests.xctest */ = {isa = PBXFileReference; explicitFileType = wrapper.cfbundle; includeInIndex = 0; path = MyEnhancerUITests.xctest; sourceTree = BUILT_PRODUCTS_DIR; };
/* End PBXFileReference section */

/* Begin PBXFileSystemSynchronizedRootGroup section */
		AAAFF4CD2D542DFD00112895 /* MyEnhancer */ = {
			isa = PBXFileSystemSynchronizedRootGroup;
			path = MyEnhancer;
			sourceTree = "<group>";
		};
		AAAFF4DF2D542DFE00112895 /* MyEnhancerTests */ = {
			isa = PBXFileSystemSynchronizedRootGroup;
			path = MyEnhancerTests;
			sourceTree = "<group>";
		};
		AAAFF4E92D542DFE00112895 /* MyEnhancerUITests */ = {
			isa = PBXFileSystemSynchronizedRootGroup;
			path = MyEnhancerUITests;
			sourceTree = "<group>";
		};
/* End PBXFileSystemSynchronizedRootGroup section */

/* Begin PBXFrameworksBuildPhase section */
		AAAFF4C82D542DFD00112895 /* Frameworks */ = {
			isa = PBXFrameworksBuildPhase;
			buildActionMask = 2147483647;
			files = (
			);
			runOnlyForDeploymentPostprocessing = 0;
		};
		AAAFF4D92D542DFE00112895 /* Frameworks */ = {
			isa = PBXFrameworksBuildPhase;
			buildActionMask = 2147483647;
			files = (
			);
			runOnlyForDeploymentPostprocessing = 0;
		};
		AAAFF4E32D542DFE00112895 /* Frameworks */ = {
			isa = PBXFrameworksBuildPhase;
			buildActionMask = 2147483647;
			files = (
			);
			runOnlyForDeploymentPostprocessing = 0;
		};
/* End PBXFrameworksBuildPhase section */

/* Begin PBXGroup section */
		AAAFF4C22D542DFD00112895 = {
			isa = PBXGroup;
			children = (
				AAAFF4CD2D542DFD00112895 /* MyEnhancer */,
				AAAFF4DF2D542DFE00112895 /* MyEnhancerTests */,
				AAAFF4E92D542DFE00112895 /* MyEnhancerUITests */,
				AAAFF4CC2D542DFD00112895 /* Products */,
			);
			sourceTree = "<group>";
		};
		AAAFF4CC2D542DFD00112895 /* Products */ = {
			isa = PBXGroup;
			children = (
				AAAFF4CB2D542DFD00112895 /* MyEnhancer.app */,
				AAAFF4DC2D542DFE00112895 /* MyEnhancerTests.xctest */,
				AAAFF4E62D542DFE00112895 /* MyEnhancerUITests.xctest */,
			);
			name = Products;
			sourceTree = "<group>";
		};
/* End PBXGroup section */

/* Begin PBXNativeTarget section */
		AAAFF4CA2D542DFD00112895 /* MyEnhancer */ = {
			isa = PBXNativeTarget;
			buildConfigurationList = AAAFF4F02D542DFE00112895 /* Build configuration list for PBXNativeTarget "MyEnhancer" */;
			buildPhases = (
				AAAFF4C72D542DFD00112895 /* Sources */,
				AAAFF4C82D542DFD00112895 /* Frameworks */,
				AAAFF4C92D542DFD00112895 /* Resources */,
			);
			buildRules = (
			);
			dependencies = (
			);
			fileSystemSynchronizedGroups = (
				AAAFF4CD2D542DFD00112895 /* MyEnhancer */,
			);
			name = MyEnhancer;
			packageProductDependencies = (
			);
			productName = MyEnhancer;
			productReference = AAAFF4CB2D542DFD00112895 /* MyEnhancer.app */;
			productType = "com.apple.product-type.application";
		};
		AAAFF4DB2D542DFE00112895 /* MyEnhancerTests */ = {
			isa = PBXNativeTarget;
			buildConfigurationList = AAAFF4F32D542DFE00112895 /* Build configuration list for PBXNativeTarget "MyEnhancerTests" */;
			buildPhases = (
				AAAFF4D82D542DFE00112895 /* Sources */,
				AAAFF4D92D542DFE00112895 /* Frameworks */,
				AAAFF4DA2D542DFE00112895 /* Resources */,
			);
			buildRules = (
			);
			dependencies = (
				AAAFF4DE2D542DFE00112895 /* PBXTargetDependency */,
			);
			fileSystemSynchronizedGroups = (
				AAAFF4DF2D542DFE00112895 /* MyEnhancerTests */,
			);
			name = MyEnhancerTests;
			packageProductDependencies = (
			);
			productName = MyEnhancerTests;
			productReference = AAAFF4DC2D542DFE00112895 /* MyEnhancerTests.xctest */;
			productType = "com.apple.product-type.bundle.unit-test";
		};
		AAAFF4E52D542DFE00112895 /* MyEnhancerUITests */ = {
			isa = PBXNativeTarget;
			buildConfigurationList = AAAFF4F62D542DFE00112895 /* Build configuration list for PBXNativeTarget "MyEnhancerUITests" */;
			buildPhases = (
				AAAFF4E22D542DFE00112895 /* Sources */,
				AAAFF4E32D542DFE00112895 /* Frameworks */,
				AAAFF4E42D542DFE00112895 /* Resources */,
			);
			buildRules = (
			);
			dependencies = (
				AAAFF4E82D542DFE00112895 /* PBXTargetDependency */,
			);
			fileSystemSynchronizedGroups = (
				AAAFF4E92D542DFE00112895 /* MyEnhancerUITests */,
			);
			name = MyEnhancerUITests;
			packageProductDependencies = (
			);
			productName = MyEnhancerUITests;
			productReference = AAAFF4E62D542DFE00112895 /* MyEnhancerUITests.xctest */;
			productType = "com.apple.product-type.bundle.ui-testing";
		};
/* End PBXNativeTarget section */

/* Begin PBXProject section */
		AAAFF4C32D542DFD00112895 /* Project object */ = {
			isa = PBXProject;
			attributes = {
				BuildIndependentTargetsInParallel = 1;
				LastSwiftUpdateCheck = 1620;
				LastUpgradeCheck = 1620;
				TargetAttributes = {
					AAAFF4CA2D542DFD00112895 = {
						CreatedOnToolsVersion = 16.2;
					};
					AAAFF4DB2D542DFE00112895 = {
						CreatedOnToolsVersion = 16.2;
						TestTargetID = AAAFF4CA2D542DFD00112895;
					};
					AAAFF4E52D542DFE00112895 = {
						CreatedOnToolsVersion = 16.2;
						TestTargetID = AAAFF4CA2D542DFD00112895;
					};
				};
			};
			buildConfigurationList = AAAFF4C62D542DFD00112895 /* Build configuration list for PBXProject "MyEnhancer" */;
			developmentRegion = en;
			hasScannedForEncodings = 0;
			knownRegions = (
				en,
				Base,
			);
			mainGroup = AAAFF4C22D542DFD00112895;
			minimizedProjectReferenceProxies = 1;
			preferredProjectObjectVersion = 77;
			productRefGroup = AAAFF4CC2D542DFD00112895 /* Products */;
			projectDirPath = "";
			projectRoot = "";
			targets = (
				AAAFF4CA2D542DFD00112895 /* MyEnhancer */,
				AAAFF4DB2D542DFE00112895 /* MyEnhancerTests */,
				AAAFF4E52D542DFE00112895 /* MyEnhancerUITests */,
			);
		};
/* End PBXProject section */

/* Begin PBXResourcesBuildPhase section */
		AAAFF4C92D542DFD00112895 /* Resources */ = {
			isa = PBXResourcesBuildPhase;
			buildActionMask = 2147483647;
			files = (
			);
			runOnlyForDeploymentPostprocessing = 0;
		};
		AAAFF4DA2D542DFE00112895 /* Resources */ = {
			isa = PBXResourcesBuildPhase;
			buildActionMask = 2147483647;
			files = (
			);
			runOnlyForDeploymentPostprocessing = 0;
		};
		AAAFF4E42D542DFE00112895 /* Resources */ = {
			isa = PBXResourcesBuildPhase;
			buildActionMask = 2147483647;
			files = (
			);
			runOnlyForDeploymentPostprocessing = 0;
		};
/* End PBXResourcesBuildPhase section */

/* Begin PBXSourcesBuildPhase section */
		AAAFF4C72D542DFD00112895 /* Sources */ = {
			isa = PBXSourcesBuildPhase;
			buildActionMask = 2147483647;
			files = (
			);
			runOnlyForDeploymentPostprocessing = 0;
		};
		AAAFF4D82D542DFE00112895 /* Sources */ = {
			isa = PBXSourcesBuildPhase;
			buildActionMask = 2147483647;
			files = (
			);
			runOnlyForDeploymentPostprocessing = 0;
		};
		AAAFF4E22D542DFE00112895 /* Sources */ = {
			isa = PBXSourcesBuildPhase;
			buildActionMask = 2147483647;
			files = (
			);
			runOnlyForDeploymentPostprocessing = 0;
		};
/* End PBXSourcesBuildPhase section */

/* Begin PBXTargetDependency section */
		AAAFF4DE2D542DFE00112895 /* PBXTargetDependency */ = {
			isa = PBXTargetDependency;
			target = AAAFF4CA2D542DFD00112895 /* MyEnhancer */;
			targetProxy = AAAFF4DD2D542DFE00112895 /* PBXContainerItemProxy */;
		};
		AAAFF4E82D542DFE00112895 /* PBXTargetDependency */ = {
			isa = PBXTargetDependency;
			target = AAAFF4CA2D542DFD00112895 /* MyEnhancer */;
			targetProxy = AAAFF4E72D542DFE00112895 /* PBXContainerItemProxy */;
		};
/* End PBXTargetDependency section */

/* Begin XCBuildConfiguration section */
		AAAFF4EE2D542DFE00112895 /* Debug */ = {
			isa = XCBuildConfiguration;
			buildSettings = {
				ALWAYS_SEARCH_USER_PATHS = NO;
				ASSETCATALOG_COMPILER_GENERATE_SWIFT_ASSET_SYMBOL_EXTENSIONS = YES;
				CLANG_ANALYZER_NONNULL = YES;
				CLANG_ANALYZER_NUMBER_OBJECT_CONVERSION = YES_AGGRESSIVE;
				CLANG_CXX_LANGUAGE_STANDARD = "gnu++20";
				CLANG_ENABLE_MODULES = YES;
				CLANG_ENABLE_OBJC_ARC = YES;
				CLANG_ENABLE_OBJC_WEAK = YES;
				CLANG_WARN_BLOCK_CAPTURE_AUTORELEASING = YES;
				CLANG_WARN_BOOL_CONVERSION = YES;
				CLANG_WARN_COMMA = YES;
				CLANG_WARN_CONSTANT_CONVERSION = YES;
				CLANG_WARN_DEPRECATED_OBJC_IMPLEMENTATIONS = YES;
				CLANG_WARN_DIRECT_OBJC_ISA_USAGE = YES_ERROR;
				CLANG_WARN_DOCUMENTATION_COMMENTS = YES;
				CLANG_WARN_EMPTY_BODY = YES;
				CLANG_WARN_ENUM_CONVERSION = YES;
				CLANG_WARN_INFINITE_RECURSION = YES;
				CLANG_WARN_INT_CONVERSION = YES;
				CLANG_WARN_NON_LITERAL_NULL_CONVERSION = YES;
				CLANG_WARN_OBJC_IMPLICIT_RETAIN_SELF = YES;
				CLANG_WARN_OBJC_LITERAL_CONVERSION = YES;
				CLANG_WARN_OBJC_ROOT_CLASS = YES_ERROR;
				CLANG_WARN_QUOTED_INCLUDE_IN_FRAMEWORK_HEADER = YES;
				CLANG_WARN_RANGE_LOOP_ANALYSIS = YES;
				CLANG_WARN_STRICT_PROTOTYPES = YES;
				CLANG_WARN_SUSPICIOUS_MOVE = YES;
				CLANG_WARN_UNGUARDED_AVAILABILITY = YES_AGGRESSIVE;
				CLANG_WARN_UNREACHABLE_CODE = YES;
				CLANG_WARN__DUPLICATE_METHOD_MATCH = YES;
				COPY_PHASE_STRIP = NO;
				DEBUG_INFORMATION_FORMAT = dwarf;
				ENABLE_STRICT_OBJC_MSGSEND = YES;
				ENABLE_TESTABILITY = YES;
				ENABLE_USER_SCRIPT_SANDBOXING = YES;
				GCC_C_LANGUAGE_STANDARD = gnu17;
				GCC_DYNAMIC_NO_PIC = NO;
				GCC_NO_COMMON_BLOCKS = YES;
				GCC_OPTIMIZATION_LEVEL = 0;
				GCC_PREPROCESSOR_DEFINITIONS = (
					"DEBUG=1",
					"$(inherited)",
				);
				GCC_WARN_64_TO_32_BIT_CONVERSION = YES;
				GCC_WARN_ABOUT_RETURN_TYPE = YES_ERROR;
				GCC_WARN_UNDECLARED_SELECTOR = YES;
				GCC_WARN_UNINITIALIZED_AUTOS = YES_AGGRESSIVE;
				GCC_WARN_UNUSED_FUNCTION = YES;
				GCC_WARN_UNUSED_VARIABLE = YES;
				LOCALIZATION_PREFERS_STRING_CATALOGS = YES;
				MACOSX_DEPLOYMENT_TARGET = 15.2;
				MTL_ENABLE_DEBUG_INFO = INCLUDE_SOURCE;
				MTL_FAST_MATH = YES;
				ONLY_ACTIVE_ARCH = YES;
				SDKROOT = macosx;
				SWIFT_ACTIVE_COMPILATION_CONDITIONS = "DEBUG $(inherited)";
				SWIFT_OPTIMIZATION_LEVEL = "-Onone";
			};
			name = Debug;
		};
		AAAFF4EF2D542DFE00112895 /* Release */ = {
			isa = XCBuildConfiguration;
			buildSettings = {
				ALWAYS_SEARCH_USER_PATHS = NO;
				ASSETCATALOG_COMPILER_GENERATE_SWIFT_ASSET_SYMBOL_EXTENSIONS = YES;
				CLANG_ANALYZER_NONNULL = YES;
				CLANG_ANALYZER_NUMBER_OBJECT_CONVERSION = YES_AGGRESSIVE;
				CLANG_CXX_LANGUAGE_STANDARD = "gnu++20";
				CLANG_ENABLE_MODULES = YES;
				CLANG_ENABLE_OBJC_ARC = YES;
				CLANG_ENABLE_OBJC_WEAK = YES;
				CLANG_WARN_BLOCK_CAPTURE_AUTORELEASING = YES;
				CLANG_WARN_BOOL_CONVERSION = YES;
				CLANG_WARN_COMMA = YES;
				CLANG_WARN_CONSTANT_CONVERSION = YES;
				CLANG_WARN_DEPRECATED_OBJC_IMPLEMENTATIONS = YES;
				CLANG_WARN_DIRECT_OBJC_ISA_USAGE = YES_ERROR;
				CLANG_WARN_DOCUMENTATION_COMMENTS = YES;
				CLANG_WARN_EMPTY_BODY = YES;
				CLANG_WARN_ENUM_CONVERSION = YES;
				CLANG_WARN_INFINITE_RECURSION = YES;
				CLANG_WARN_INT_CONVERSION = YES;
				CLANG_WARN_NON_LITERAL_NULL_CONVERSION = YES;
				CLANG_WARN_OBJC_IMPLICIT_RETAIN_SELF = YES;
				CLANG_WARN_OBJC_LITERAL_CONVERSION = YES;
				CLANG_WARN_OBJC_ROOT_CLASS = YES_ERROR;
				CLANG_WARN_QUOTED_INCLUDE_IN_FRAMEWORK_HEADER = YES;
				CLANG_WARN_RANGE_LOOP_ANALYSIS = YES;
				CLANG_WARN_STRICT_PROTOTYPES = YES;
				CLANG_WARN_SUSPICIOUS_MOVE = YES;
				CLANG_WARN_UNGUARDED_AVAILABILITY = YES_AGGRESSIVE;
				CLANG_WARN_UNREACHABLE_CODE = YES;
				CLANG_WARN__DUPLICATE_METHOD_MATCH = YES;
				COPY_PHASE_STRIP = NO;
				DEBUG_INFORMATION_FORMAT = "dwarf-with-dsym";
				ENABLE_NS_ASSERTIONS = NO;
				ENABLE_STRICT_OBJC_MSGSEND = YES;
				ENABLE_USER_SCRIPT_SANDBOXING = YES;
				GCC_C_LANGUAGE_STANDARD = gnu17;
				GCC_NO_COMMON_BLOCKS = YES;
				GCC_WARN_64_TO_32_BIT_CONVERSION = YES;
				GCC_WARN_ABOUT_RETURN_TYPE = YES_ERROR;
				GCC_WARN_UNDECLARED_SELECTOR = YES;
				GCC_WARN_UNINITIALIZED_AUTOS = YES_AGGRESSIVE;
				GCC_WARN_UNUSED_FUNCTION = YES;
				GCC_WARN_UNUSED_VARIABLE = YES;
				LOCALIZATION_PREFERS_STRING_CATALOGS = YES;
				MACOSX_DEPLOYMENT_TARGET = 15.2;
				MTL_ENABLE_DEBUG_INFO = NO;
				MTL_FAST_MATH = YES;
				SDKROOT = macosx;
				SWIFT_COMPILATION_MODE = wholemodule;
			};
			name = Release;
		};
		AAAFF4F12D542DFE00112895 /* Debug */ = {
			isa = XCBuildConfiguration;
			buildSettings = {
				ASSETCATALOG_COMPILER_APPICON_NAME = AppIcon;
				ASSETCATALOG_COMPILER_GLOBAL_ACCENT_COLOR_NAME = AccentColor;
				CODE_SIGN_ENTITLEMENTS = MyEnhancer/MyEnhancer.entitlements;
				CODE_SIGN_STYLE = Automatic;
				COMBINE_HIDPI_IMAGES = YES;
				CURRENT_PROJECT_VERSION = 1;
				DEVELOPMENT_ASSET_PATHS = "\"MyEnhancer/Preview Content\"";
				DEVELOPMENT_TEAM = AAJS7DYRH7;
				ENABLE_HARDENED_RUNTIME = YES;
				ENABLE_PREVIEWS = YES;
				GENERATE_INFOPLIST_FILE = YES;
				INFOPLIST_KEY_CFBundleDisplayName = "My Text Enhancer";
				INFOPLIST_KEY_LSApplicationCategoryType = "public.app-category.utilities";
				INFOPLIST_KEY_NSHumanReadableCopyright = "";
				LD_RUNPATH_SEARCH_PATHS = (
					"$(inherited)",
					"@executable_path/../Frameworks",
				);
				MARKETING_VERSION = 1.0;
				PRODUCT_BUNDLE_IDENTIFIER = ltd.wrb.MyEnhancer;
				PRODUCT_NAME = "$(TARGET_NAME)";
				SWIFT_EMIT_LOC_STRINGS = YES;
				SWIFT_VERSION = 5.0;
			};
			name = Debug;
		};
		AAAFF4F22D542DFE00112895 /* Release */ = {
			isa = XCBuildConfiguration;
			buildSettings = {
				ASSETCATALOG_COMPILER_APPICON_NAME = AppIcon;
				ASSETCATALOG_COMPILER_GLOBAL_ACCENT_COLOR_NAME = AccentColor;
				CODE_SIGN_ENTITLEMENTS = MyEnhancer/MyEnhancer.entitlements;
				CODE_SIGN_STYLE = Automatic;
				COMBINE_HIDPI_IMAGES = YES;
				CURRENT_PROJECT_VERSION = 1;
				DEVELOPMENT_ASSET_PATHS = "\"MyEnhancer/Preview Content\"";
				DEVELOPMENT_TEAM = AAJS7DYRH7;
				ENABLE_HARDENED_RUNTIME = YES;
				ENABLE_PREVIEWS = YES;
				GENERATE_INFOPLIST_FILE = YES;
				INFOPLIST_KEY_CFBundleDisplayName = "My Text Enhancer";
				INFOPLIST_KEY_LSApplicationCategoryType = "public.app-category.utilities";
				INFOPLIST_KEY_NSHumanReadableCopyright = "";
				LD_RUNPATH_SEARCH_PATHS = (
					"$(inherited)",
					"@executable_path/../Frameworks",
				);
				MARKETING_VERSION = 1.0;
				PRODUCT_BUNDLE_IDENTIFIER = ltd.wrb.MyEnhancer;
				PRODUCT_NAME = "$(TARGET_NAME)";
				SWIFT_EMIT_LOC_STRINGS = YES;
				SWIFT_VERSION = 5.0;
			};
			name = Release;
		};
		AAAFF4F42D542DFE00112895 /* Debug */ = {
			isa = XCBuildConfiguration;
			buildSettings = {
				BUNDLE_LOADER = "$(TEST_HOST)";
				CODE_SIGN_STYLE = Automatic;
				CURRENT_PROJECT_VERSION = 1;
				DEVELOPMENT_TEAM = AAJS7DYRH7;
				GENERATE_INFOPLIST_FILE = YES;
				MACOSX_DEPLOYMENT_TARGET = 15.2;
				MARKETING_VERSION = 1.0;
				PRODUCT_BUNDLE_IDENTIFIER = ltd.wrb.MyEnhancerTests;
				PRODUCT_NAME = "$(TARGET_NAME)";
				SWIFT_EMIT_LOC_STRINGS = NO;
				SWIFT_VERSION = 5.0;
				TEST_HOST = "$(BUILT_PRODUCTS_DIR)/MyEnhancer.app/$(BUNDLE_EXECUTABLE_FOLDER_PATH)/MyEnhancer";
			};
			name = Debug;
		};
		AAAFF4F52D542DFE00112895 /* Release */ = {
			isa = XCBuildConfiguration;
			buildSettings = {
				BUNDLE_LOADER = "$(TEST_HOST)";
				CODE_SIGN_STYLE = Automatic;
				CURRENT_PROJECT_VERSION = 1;
				DEVELOPMENT_TEAM = AAJS7DYRH7;
				GENERATE_INFOPLIST_FILE = YES;
				MACOSX_DEPLOYMENT_TARGET = 15.2;
				MARKETING_VERSION = 1.0;
				PRODUCT_BUNDLE_IDENTIFIER = ltd.wrb.MyEnhancerTests;
				PRODUCT_NAME = "$(TARGET_NAME)";
				SWIFT_EMIT_LOC_STRINGS = NO;
				SWIFT_VERSION = 5.0;
				TEST_HOST = "$(BUILT_PRODUCTS_DIR)/MyEnhancer.app/$(BUNDLE_EXECUTABLE_FOLDER_PATH)/MyEnhancer";
			};
			name = Release;
		};
		AAAFF4F72D542DFE00112895 /* Debug */ = {
			isa = XCBuildConfiguration;
			buildSettings = {
				CODE_SIGN_STYLE = Automatic;
				CURRENT_PROJECT_VERSION = 1;
				DEVELOPMENT_TEAM = AAJS7DYRH7;
				GENERATE_INFOPLIST_FILE = YES;
				MARKETING_VERSION = 1.0;
				PRODUCT_BUNDLE_IDENTIFIER = ltd.wrb.MyEnhancerUITests;
				PRODUCT_NAME = "$(TARGET_NAME)";
				SWIFT_EMIT_LOC_STRINGS = NO;
				SWIFT_VERSION = 5.0;
				TEST_TARGET_NAME = MyEnhancer;
			};
			name = Debug;
		};
		AAAFF4F82D542DFE00112895 /* Release */ = {
			isa = XCBuildConfiguration;
			buildSettings = {
				CODE_SIGN_STYLE = Automatic;
				CURRENT_PROJECT_VERSION = 1;
				DEVELOPMENT_TEAM = AAJS7DYRH7;
				GENERATE_INFOPLIST_FILE = YES;
				MARKETING_VERSION = 1.0;
				PRODUCT_BUNDLE_IDENTIFIER = ltd.wrb.MyEnhancerUITests;
				PRODUCT_NAME = "$(TARGET_NAME)";
				SWIFT_EMIT_LOC_STRINGS = NO;
				SWIFT_VERSION = 5.0;
				TEST_TARGET_NAME = MyEnhancer;
			};
			name = Release;
		};
/* End XCBuildConfiguration section */

/* Begin XCConfigurationList section */
		AAAFF4C62D542DFD00112895 /* Build configuration list for PBXProject "MyEnhancer" */ = {
			isa = XCConfigurationList;
			buildConfigurations = (
				AAAFF4EE2D542DFE00112895 /* Debug */,
				AAAFF4EF2D542DFE00112895 /* Release */,
			);
			defaultConfigurationIsVisible = 0;
			defaultConfigurationName = Release;
		};
		AAAFF4F02D542DFE00112895 /* Build configuration list for PBXNativeTarget "MyEnhancer" */ = {
			isa = XCConfigurationList;
			buildConfigurations = (
				AAAFF4F12D542DFE00112895 /* Debug */,
				AAAFF4F22D542DFE00112895 /* Release */,
			);
			defaultConfigurationIsVisible = 0;
			defaultConfigurationName = Release;
		};
		AAAFF4F32D542DFE00112895 /* Build configuration list for PBXNativeTarget "MyEnhancerTests" */ = {
			isa = XCConfigurationList;
			buildConfigurations = (
				AAAFF4F42D542DFE00112895 /* Debug */,
				AAAFF4F52D542DFE00112895 /* Release */,
			);
			defaultConfigurationIsVisible = 0;
			defaultConfigurationName = Release;
		};
		AAAFF4F62D542DFE00112895 /* Build configuration list for PBXNativeTarget "MyEnhancerUITests" */ = {
			isa = XCConfigurationList;
			buildConfigurations = (
				AAAFF4F72D542DFE00112895 /* Debug */,
				AAAFF4F82D542DFE00112895 /* Release */,
			);
			defaultConfigurationIsVisible = 0;
			defaultConfigurationName = Release;
		};
/* End XCConfigurationList section */
	};
	rootObject = AAAFF4C32D542DFD00112895 /* Project object */;
}
